
Microsoft Visual Studio Solution File, Format Version 12.00
Project("{2150E333-8FDC-42A3-9474-1A3956D46DE8}") = "src", "src", "{827E0CD3-B72D-47B6-A68D-7590B98EB39B}"
EndProject
Project("{FAE04EC0-301F-11D3-BF4B-00C04F79EFBC}") = "OrderFlow.Api", "src\OrderFlow.Api\OrderFlow.Api.csproj", "{A462F0B3-BD6E-4980-A919-7F6DE57D4F06}"
EndProject
Project("{FAE04EC0-301F-11D3-BF4B-00C04F79EFBC}") = "OrderFlow.Domain", "src\OrderFlow.Domain\OrderFlow.Domain.csproj", "{422F806C-D155-436A-AD22-2B2812BB9311}"
EndProject
Project("{FAE04EC0-301F-11D3-BF4B-00C04F79EFBC}") = "OrderFlow.Application", "src\OrderFlow.Application\OrderFlow.Application.csproj", "{5616A4B0-6830-4306-9DEF-AB124A63EF3A}"
EndProject
Project("{FAE04EC0-301F-11D3-BF4B-00C04F79EFBC}") = "OrderFlow.Infrastructure", "src\OrderFlow.Infrastructure\OrderFlow.Infrastructure.csproj", "{CDD46FCA-7197-43F2-83BF-81E247660D63}"
EndProject
Project("{FAE04EC0-301F-11D3-BF4B-00C04F79EFBC}") = "OrderFlow.Contracts", "src\OrderFlow.Contracts\OrderFlow.Contracts.csproj", "{D1C9C665-E118-42B3-B3D6-10F0943EFF15}"
EndProject
Project("{2150E333-8FDC-42A3-9474-1A3956D46DE8}") = "tests", "tests", "{0AB3BF05-4346-4AA6-1389-037BE0695223}"
EndProject
Project("{FAE04EC0-301F-11D3-BF4B-00C04F79EFBC}") = "OrderFlow.UnitTests", "tests\OrderFlow.UnitTests\OrderFlow.UnitTests.csproj", "{FA7DEC2E-FFF6-4DAE-B887-DA9C1A6AE576}"
EndProject
Project("{FAE04EC0-301F-11D3-BF4B-00C04F79EFBC}") = "OrderFlow.IntegrationTests", "tests\OrderFlow.IntegrationTests\OrderFlow.IntegrationTests.csproj", "{9714ABD1-B570-48B2-B881-B0306F65F57E}"
EndProject
Project("{FAE04EC0-301F-11D3-BF4B-00C04F79EFBC}") = "OrderFlow.Messaging", "src\OrderFlow.Messaging\OrderFlow.Messaging.csproj", "{E49F4A6D-6512-4F49-9CE3-5162F410891C}"
EndProject
Project("{FAE04EC0-301F-11D3-BF4B-00C04F79EFBC}") = "OrderFlow.Inventory", "src\OrderFlow.Inventory\OrderFlow.Inventory.csproj", "{B8F6B709-E72A-47C3-840E-2146ACA454D6}"
EndProject
Global
	GlobalSection(SolutionConfigurationPlatforms) = preSolution
		Debug|Any CPU = Debug|Any CPU
		Debug|x64 = Debug|x64
		Debug|x86 = Debug|x86
		Release|Any CPU = Release|Any CPU
		Release|x64 = Release|x64
		Release|x86 = Release|x86
	EndGlobalSection
	GlobalSection(ProjectConfigurationPlatforms) = postSolution
		{A462F0B3-BD6E-4980-A919-7F6DE57D4F06}.Debug|Any CPU.ActiveCfg = Debug|Any CPU
		{A462F0B3-BD6E-4980-A919-7F6DE57D4F06}.Debug|Any CPU.Build.0 = Debug|Any CPU
		{A462F0B3-BD6E-4980-A919-7F6DE57D4F06}.Debug|x64.ActiveCfg = Debug|Any CPU
		{A462F0B3-BD6E-4980-A919-7F6DE57D4F06}.Debug|x64.Build.0 = Debug|Any CPU
		{A462F0B3-BD6E-4980-A919-7F6DE57D4F06}.Debug|x86.ActiveCfg = Debug|Any CPU
		{A462F0B3-BD6E-4980-A919-7F6DE57D4F06}.Debug|x86.Build.0 = Debug|Any CPU
		{A462F0B3-BD6E-4980-A919-7F6DE57D4F06}.Release|Any CPU.ActiveCfg = Release|Any CPU
		{A462F0B3-BD6E-4980-A919-7F6DE57D4F06}.Release|Any CPU.Build.0 = Release|Any CPU
		{A462F0B3-BD6E-4980-A919-7F6DE57D4F06}.Release|x64.ActiveCfg = Release|Any CPU
		{A462F0B3-BD6E-4980-A919-7F6DE57D4F06}.Release|x64.Build.0 = Release|Any CPU
		{A462F0B3-BD6E-4980-A919-7F6DE57D4F06}.Release|x86.ActiveCfg = Release|Any CPU
		{A462F0B3-BD6E-4980-A919-7F6DE57D4F06}.Release|x86.Build.0 = Release|Any CPU
		{422F806C-D155-436A-AD22-2B2812BB9311}.Debug|Any CPU.ActiveCfg = Debug|Any CPU
		{422F806C-D155-436A-AD22-2B2812BB9311}.Debug|Any CPU.Build.0 = Debug|Any CPU
		{422F806C-D155-436A-AD22-2B2812BB9311}.Debug|x64.ActiveCfg = Debug|Any CPU
		{422F806C-D155-436A-AD22-2B2812BB9311}.Debug|x64.Build.0 = Debug|Any CPU
		{422F806C-D155-436A-AD22-2B2812BB9311}.Debug|x86.ActiveCfg = Debug|Any CPU
		{422F806C-D155-436A-AD22-2B2812BB9311}.Debug|x86.Build.0 = Debug|Any CPU
		{422F806C-D155-436A-AD22-2B2812BB9311}.Release|Any CPU.ActiveCfg = Release|Any CPU
		{422F806C-D155-436A-AD22-2B2812BB9311}.Release|Any CPU.Build.0 = Release|Any CPU
		{422F806C-D155-436A-AD22-2B2812BB9311}.Release|x64.ActiveCfg = Release|Any CPU
		{422F806C-D155-436A-AD22-2B2812BB9311}.Release|x64.Build.0 = Release|Any CPU
		{422F806C-D155-436A-AD22-2B2812BB9311}.Release|x86.ActiveCfg = Release|Any CPU
		{422F806C-D155-436A-AD22-2B2812BB9311}.Release|x86.Build.0 = Release|Any CPU
		{5616A4B0-6830-4306-9DEF-AB124A63EF3A}.Debug|Any CPU.ActiveCfg = Debug|Any CPU
		{5616A4B0-6830-4306-9DEF-AB124A63EF3A}.Debug|Any CPU.Build.0 = Debug|Any CPU
		{5616A4B0-6830-4306-9DEF-AB124A63EF3A}.Debug|x64.ActiveCfg = Debug|Any CPU
		{5616A4B0-6830-4306-9DEF-AB124A63EF3A}.Debug|x64.Build.0 = Debug|Any CPU
		{5616A4B0-6830-4306-9DEF-AB124A63EF3A}.Debug|x86.ActiveCfg = Debug|Any CPU
		{5616A4B0-6830-4306-9DEF-AB124A63EF3A}.Debug|x86.Build.0 = Debug|Any CPU
		{5616A4B0-6830-4306-9DEF-AB124A63EF3A}.Release|Any CPU.ActiveCfg = Release|Any CPU
		{5616A4B0-6830-4306-9DEF-AB124A63EF3A}.Release|Any CPU.Build.0 = Release|Any CPU
		{5616A4B0-6830-4306-9DEF-AB124A63EF3A}.Release|x64.ActiveCfg = Release|Any CPU
		{5616A4B0-6830-4306-9DEF-AB124A63EF3A}.Release|x64.Build.0 = Release|Any CPU
		{5616A4B0-6830-4306-9DEF-AB124A63EF3A}.Release|x86.ActiveCfg = Release|Any CPU
		{5616A4B0-6830-4306-9DEF-AB124A63EF3A}.Release|x86.Build.0 = Release|Any CPU
		{CDD46FCA-7197-43F2-83BF-81E247660D63}.Debug|Any CPU.ActiveCfg = Debug|Any CPU
		{CDD46FCA-7197-43F2-83BF-81E247660D63}.Debug|Any CPU.Build.0 = Debug|Any CPU
		{CDD46FCA-7197-43F2-83BF-81E247660D63}.Debug|x64.ActiveCfg = Debug|Any CPU
		{CDD46FCA-7197-43F2-83BF-81E247660D63}.Debug|x64.Build.0 = Debug|Any CPU
		{CDD46FCA-7197-43F2-83BF-81E247660D63}.Debug|x86.ActiveCfg = Debug|Any CPU
		{CDD46FCA-7197-43F2-83BF-81E247660D63}.Debug|x86.Build.0 = Debug|Any CPU
		{CDD46FCA-7197-43F2-83BF-81E247660D63}.Release|Any CPU.ActiveCfg = Release|Any CPU
		{CDD46FCA-7197-43F2-83BF-81E247660D63}.Release|Any CPU.Build.0 = Release|Any CPU
		{CDD46FCA-7197-43F2-83BF-81E247660D63}.Release|x64.ActiveCfg = Release|Any CPU
		{CDD46FCA-7197-43F2-83BF-81E247660D63}.Release|x64.Build.0 = Release|Any CPU
		{CDD46FCA-7197-43F2-83BF-81E247660D63}.Release|x86.ActiveCfg = Release|Any CPU
		{CDD46FCA-7197-43F2-83BF-81E247660D63}.Release|x86.Build.0 = Release|Any CPU
		{D1C9C665-E118-42B3-B3D6-10F0943EFF15}.Debug|Any CPU.ActiveCfg = Debug|Any CPU
		{D1C9C665-E118-42B3-B3D6-10F0943EFF15}.Debug|Any CPU.Build.0 = Debug|Any CPU
		{D1C9C665-E118-42B3-B3D6-10F0943EFF15}.Debug|x64.ActiveCfg = Debug|Any CPU
		{D1C9C665-E118-42B3-B3D6-10F0943EFF15}.Debug|x64.Build.0 = Debug|Any CPU
		{D1C9C665-E118-42B3-B3D6-10F0943EFF15}.Debug|x86.ActiveCfg = Debug|Any CPU
		{D1C9C665-E118-42B3-B3D6-10F0943EFF15}.Debug|x86.Build.0 = Debug|Any CPU
		{D1C9C665-E118-42B3-B3D6-10F0943EFF15}.Release|Any CPU.ActiveCfg = Release|Any CPU
		{D1C9C665-E118-42B3-B3D6-10F0943EFF15}.Release|Any CPU.Build.0 = Release|Any CPU
		{D1C9C665-E118-42B3-B3D6-10F0943EFF15}.Release|x64.ActiveCfg = Release|Any CPU
		{D1C9C665-E118-42B3-B3D6-10F0943EFF15}.Release|x64.Build.0 = Release|Any CPU
		{D1C9C665-E118-42B3-B3D6-10F0943EFF15}.Release|x86.ActiveCfg = Release|Any CPU
		{D1C9C665-E118-42B3-B3D6-10F0943EFF15}.Release|x86.Build.0 = Release|Any CPU
		{FA7DEC2E-FFF6-4DAE-B887-DA9C1A6AE576}.Debug|Any CPU.ActiveCfg = Debug|Any CPU
		{FA7DEC2E-FFF6-4DAE-B887-DA9C1A6AE576}.Debug|Any CPU.Build.0 = Debug|Any CPU
		{FA7DEC2E-FFF6-4DAE-B887-DA9C1A6AE576}.Debug|x64.ActiveCfg = Debug|Any CPU
		{FA7DEC2E-FFF6-4DAE-B887-DA9C1A6AE576}.Debug|x64.Build.0 = Debug|Any CPU
		{FA7DEC2E-FFF6-4DAE-B887-DA9C1A6AE576}.Debug|x86.ActiveCfg = Debug|Any CPU
		{FA7DEC2E-FFF6-4DAE-B887-DA9C1A6AE576}.Debug|x86.Build.0 = Debug|Any CPU
		{FA7DEC2E-FFF6-4DAE-B887-DA9C1A6AE576}.Release|Any CPU.ActiveCfg = Release|Any CPU
		{FA7DEC2E-FFF6-4DAE-B887-DA9C1A6AE576}.Release|Any CPU.Build.0 = Release|Any CPU
		{FA7DEC2E-FFF6-4DAE-B887-DA9C1A6AE576}.Release|x64.ActiveCfg = Release|Any CPU
		{FA7DEC2E-FFF6-4DAE-B887-DA9C1A6AE576}.Release|x64.Build.0 = Release|Any CPU
		{FA7DEC2E-FFF6-4DAE-B887-DA9C1A6AE576}.Release|x86.ActiveCfg = Release|Any CPU
		{FA7DEC2E-FFF6-4DAE-B887-DA9C1A6AE576}.Release|x86.Build.0 = Release|Any CPU
		{9714ABD1-B570-48B2-B881-B0306F65F57E}.Debug|Any CPU.ActiveCfg = Debug|Any CPU
		{9714ABD1-B570-48B2-B881-B0306F65F57E}.Debug|Any CPU.Build.0 = Debug|Any CPU
		{9714ABD1-B570-48B2-B881-B0306F65F57E}.Debug|x64.ActiveCfg = Debug|Any CPU
		{9714ABD1-B570-48B2-B881-B0306F65F57E}.Debug|x64.Build.0 = Debug|Any CPU
		{9714ABD1-B570-48B2-B881-B0306F65F57E}.Debug|x86.ActiveCfg = Debug|Any CPU
		{9714ABD1-B570-48B2-B881-B0306F65F57E}.Debug|x86.Build.0 = Debug|Any CPU
		{9714ABD1-B570-48B2-B881-B0306F65F57E}.Release|Any CPU.ActiveCfg = Release|Any CPU
		{9714ABD1-B570-48B2-B881-B0306F65F57E}.Release|Any CPU.Build.0 = Release|Any CPU
		{9714ABD1-B570-48B2-B881-B0306F65F57E}.Release|x64.ActiveCfg = Release|Any CPU
		{9714ABD1-B570-48B2-B881-B0306F65F57E}.Release|x64.Build.0 = Release|Any CPU
		{9714ABD1-B570-48B2-B881-B0306F65F57E}.Release|x86.ActiveCfg = Release|Any CPU
		{9714ABD1-B570-48B2-B881-B0306F65F57E}.Release|x86.Build.0 = Release|Any CPU
		{E49F4A6D-6512-4F49-9CE3-5162F410891C}.Debug|Any CPU.ActiveCfg = Debug|Any CPU
		{E49F4A6D-6512-4F49-9CE3-5162F410891C}.Debug|Any CPU.Build.0 = Debug|Any CPU
		{E49F4A6D-6512-4F49-9CE3-5162F410891C}.Debug|x64.ActiveCfg = Debug|Any CPU
		{E49F4A6D-6512-4F49-9CE3-5162F410891C}.Debug|x64.Build.0 = Debug|Any CPU
		{E49F4A6D-6512-4F49-9CE3-5162F410891C}.Debug|x86.ActiveCfg = Debug|Any CPU
		{E49F4A6D-6512-4F49-9CE3-5162F410891C}.Debug|x86.Build.0 = Debug|Any CPU
		{E49F4A6D-6512-4F49-9CE3-5162F410891C}.Release|Any CPU.ActiveCfg = Release|Any CPU
		{E49F4A6D-6512-4F49-9CE3-5162F410891C}.Release|Any CPU.Build.0 = Release|Any CPU
		{E49F4A6D-6512-4F49-9CE3-5162F410891C}.Release|x64.ActiveCfg = Release|Any CPU
		{E49F4A6D-6512-4F49-9CE3-5162F410891C}.Release|x64.Build.0 = Release|Any CPU
		{E49F4A6D-6512-4F49-9CE3-5162F410891C}.Release|x86.ActiveCfg = Release|Any CPU
		{E49F4A6D-6512-4F49-9CE3-5162F410891C}.Release|x86.Build.0 = Release|Any CPU
		{B8F6B709-E72A-47C3-840E-2146ACA454D6}.Debug|Any CPU.ActiveCfg = Debug|Any CPU
		{B8F6B709-E72A-47C3-840E-2146ACA454D6}.Debug|Any CPU.Build.0 = Debug|Any CPU
		{B8F6B709-E72A-47C3-840E-2146ACA454D6}.Debug|x64.ActiveCfg = Debug|Any CPU
		{B8F6B709-E72A-47C3-840E-2146ACA454D6}.Debug|x64.Build.0 = Debug|Any CPU
		{B8F6B709-E72A-47C3-840E-2146ACA454D6}.Debug|x86.ActiveCfg = Debug|Any CPU
		{B8F6B709-E72A-47C3-840E-2146ACA454D6}.Debug|x86.Build.0 = Debug|Any CPU
		{B8F6B709-E72A-47C3-840E-2146ACA454D6}.Release|Any CPU.ActiveCfg = Release|Any CPU
		{B8F6B709-E72A-47C3-840E-2146ACA454D6}.Release|Any CPU.Build.0 = Release|Any CPU
		{B8F6B709-E72A-47C3-840E-2146ACA454D6}.Release|x64.ActiveCfg = Release|Any CPU
		{B8F6B709-E72A-47C3-840E-2146ACA454D6}.Release|x64.Build.0 = Release|Any CPU
		{B8F6B709-E72A-47C3-840E-2146ACA454D6}.Release|x86.ActiveCfg = Release|Any CPU
		{B8F6B709-E72A-47C3-840E-2146ACA454D6}.Release|x86.Build.0 = Release|Any CPU
	EndGlobalSection
	GlobalSection(SolutionProperties) = preSolution
		HideSolutionNode = FALSE
	EndGlobalSection
	GlobalSection(NestedProjects) = preSolution
		{A462F0B3-BD6E-4980-A919-7F6DE57D4F06} = {827E0CD3-B72D-47B6-A68D-7590B98EB39B}
		{422F806C-D155-436A-AD22-2B2812BB9311} = {827E0CD3-B72D-47B6-A68D-7590B98EB39B}
		{5616A4B0-6830-4306-9DEF-AB124A63EF3A} = {827E0CD3-B72D-47B6-A68D-7590B98EB39B}
		{CDD46FCA-7197-43F2-83BF-81E247660D63} = {827E0CD3-B72D-47B6-A68D-7590B98EB39B}
		{D1C9C665-E118-42B3-B3D6-10F0943EFF15} = {827E0CD3-B72D-47B6-A68D-7590B98EB39B}
		{FA7DEC2E-FFF6-4DAE-B887-DA9C1A6AE576} = {0AB3BF05-4346-4AA6-1389-037BE0695223}
		{9714ABD1-B570-48B2-B881-B0306F65F57E} = {0AB3BF05-4346-4AA6-1389-037BE0695223}
		{E49F4A6D-6512-4F49-9CE3-5162F410891C} = {827E0CD3-B72D-47B6-A68D-7590B98EB39B}
		{B8F6B709-E72A-47C3-840E-2146ACA454D6} = {827E0CD3-B72D-47B6-A68D-7590B98EB39B}
	EndGlobalSection
EndGlobal
